
Microsoft Visual Studio Solution File, Format Version 12.00
# Visual Studio Version 16
VisualStudioVersion = 16.0.30717.126
MinimumVisualStudioVersion = 10.0.40219.1
Project("{FAE04EC0-301F-11D3-BF4B-00C04F79EFBC}") = "kursMinin", "kursMinin.csproj", "{ADF6C056-F4A3-4792-B57A-7334CEC87275}"
EndProject
Global
	GlobalSection(SolutionConfigurationPlatforms) = preSolution
		Debug|Any CPU = Debug|Any CPU
		Release|Any CPU = Release|Any CPU
	EndGlobalSection
	GlobalSection(ProjectConfigurationPlatforms) = postSolution
		{ADF6C056-F4A3-4792-B57A-7334CEC87275}.Debug|Any CPU.ActiveCfg = Debug|Any CPU
		{ADF6C056-F4A3-4792-B57A-7334CEC87275}.Debug|Any CPU.Build.0 = Debug|Any CPU
		{ADF6C056-F4A3-4792-B57A-7334CEC87275}.Release|Any CPU.ActiveCfg = Release|Any CPU
		{ADF6C056-F4A3-4792-B57A-7334CEC87275}.Release|Any CPU.Build.0 = Release|Any CPU
	EndGlobalSection
	GlobalSection(SolutionProperties) = preSolution
		HideSolutionNode = FALSE
	EndGlobalSection
	GlobalSection(ExtensibilityGlobals) = postSolution
		SolutionGuid = {1C0804C2-4386-47B4-A26D-467FBBBF721B}
	EndGlobalSection
EndGlobal
